
Microsoft Visual Studio Solution File, Format Version 12.00
# Visual Studio Version 17
VisualStudioVersion = 17.9.34622.214
MinimumVisualStudioVersion = 10.0.40219.1
Project("{FAE04EC0-301F-11D3-BF4B-00C04F79EFBC}") = "WeatherApi", "WeatherApi\WeatherApi.csproj", "{9888C7E2-BFF8-46FB-80CD-1FA5CDA87647}"
EndProject
Global
	GlobalSection(SolutionConfigurationPlatforms) = preSolution
		Debug|Any CPU = Debug|Any CPU
		Release|Any CPU = Release|Any CPU
	EndGlobalSection
	GlobalSection(ProjectConfigurationPlatforms) = postSolution
		{9888C7E2-BFF8-46FB-80CD-1FA5CDA87647}.Debug|Any CPU.ActiveCfg = Debug|Any CPU
		{9888C7E2-BFF8-46FB-80CD-1FA5CDA87647}.Debug|Any CPU.Build.0 = Debug|Any CPU
		{9888C7E2-BFF8-46FB-80CD-1FA5CDA87647}.Release|Any CPU.ActiveCfg = Release|Any CPU
		{9888C7E2-BFF8-46FB-80CD-1FA5CDA87647}.Release|Any CPU.Build.0 = Release|Any CPU
	EndGlobalSection
	GlobalSection(SolutionProperties) = preSolution
		HideSolutionNode = FALSE
	EndGlobalSection
	GlobalSection(ExtensibilityGlobals) = postSolution
		SolutionGuid = {5F2A44A5-9674-404A-931F-8947C8F7C2BF}
	EndGlobalSection
EndGlobal
